
Microsoft Visual Studio Solution File, Format Version 12.00
# Visual Studio Version 16
VisualStudioVersion = 16.0.31729.503
MinimumVisualStudioVersion = 10.0.40219.1
Project("{FAE04EC0-301F-11D3-BF4B-00C04F79EFBC}") = "SnakeAndLadder", "SnakeAndLadder\SnakeAndLadder.csproj", "{FA207145-93A2-45C7-916C-BDEE41BCDF84}"
EndProject
Global
	GlobalSection(SolutionConfigurationPlatforms) = preSolution
		Debug|Any CPU = Debug|Any CPU
		Release|Any CPU = Release|Any CPU
	EndGlobalSection
	GlobalSection(ProjectConfigurationPlatforms) = postSolution
		{FA207145-93A2-45C7-916C-BDEE41BCDF84}.Debug|Any CPU.ActiveCfg = Debug|Any CPU
		{FA207145-93A2-45C7-916C-BDEE41BCDF84}.Debug|Any CPU.Build.0 = Debug|Any CPU
		{FA207145-93A2-45C7-916C-BDEE41BCDF84}.Release|Any CPU.ActiveCfg = Release|Any CPU
		{FA207145-93A2-45C7-916C-BDEE41BCDF84}.Release|Any CPU.Build.0 = Release|Any CPU
	EndGlobalSection
	GlobalSection(SolutionProperties) = preSolution
		HideSolutionNode = FALSE
	EndGlobalSection
	GlobalSection(ExtensibilityGlobals) = postSolution
		SolutionGuid = {BC8D30F2-E6E7-4436-A952-5BB239210B4D}
	EndGlobalSection
EndGlobal
